
Microsoft Visual Studio Solution File, Format Version 12.00
# Visual Studio Version 16
VisualStudioVersion = 16.0.30011.22
MinimumVisualStudioVersion = 10.0.40219.1
Project("{FAE04EC0-301F-11D3-BF4B-00C04F79EFBC}") = "Memento", "DesignPatterns\Memento.csproj", "{DC1591BB-FD97-4662-A896-7FF73C60D8B6}"
EndProject
Project("{FAE04EC0-301F-11D3-BF4B-00C04F79EFBC}") = "State", "State\State.csproj", "{6FAC1649-BB75-4324-A835-B1BABA6891D8}"
EndProject
Project("{FAE04EC0-301F-11D3-BF4B-00C04F79EFBC}") = "Iterator", "Iterator\Iterator.csproj", "{446F5321-EF4F-47E3-9BF7-BB4230A325F0}"
EndProject
Project("{FAE04EC0-301F-11D3-BF4B-00C04F79EFBC}") = "Strategy", "Strategy\Strategy.csproj", "{C55CDFCF-E528-4E3D-AAD7-95713B0CFEE4}"
EndProject
Project("{FAE04EC0-301F-11D3-BF4B-00C04F79EFBC}") = "Template", "Template\Template.csproj", "{4DE8E7CF-DAB3-4ED3-A117-30CDD31F7BA6}"
EndProject
Global
	GlobalSection(SolutionConfigurationPlatforms) = preSolution
		Debug|Any CPU = Debug|Any CPU
		Release|Any CPU = Release|Any CPU
	EndGlobalSection
	GlobalSection(ProjectConfigurationPlatforms) = postSolution
		{DC1591BB-FD97-4662-A896-7FF73C60D8B6}.Debug|Any CPU.ActiveCfg = Debug|Any CPU
		{DC1591BB-FD97-4662-A896-7FF73C60D8B6}.Debug|Any CPU.Build.0 = Debug|Any CPU
		{DC1591BB-FD97-4662-A896-7FF73C60D8B6}.Release|Any CPU.ActiveCfg = Release|Any CPU
		{DC1591BB-FD97-4662-A896-7FF73C60D8B6}.Release|Any CPU.Build.0 = Release|Any CPU
		{6FAC1649-BB75-4324-A835-B1BABA6891D8}.Debug|Any CPU.ActiveCfg = Debug|Any CPU
		{6FAC1649-BB75-4324-A835-B1BABA6891D8}.Debug|Any CPU.Build.0 = Debug|Any CPU
		{6FAC1649-BB75-4324-A835-B1BABA6891D8}.Release|Any CPU.ActiveCfg = Release|Any CPU
		{6FAC1649-BB75-4324-A835-B1BABA6891D8}.Release|Any CPU.Build.0 = Release|Any CPU
		{446F5321-EF4F-47E3-9BF7-BB4230A325F0}.Debug|Any CPU.ActiveCfg = Debug|Any CPU
		{446F5321-EF4F-47E3-9BF7-BB4230A325F0}.Debug|Any CPU.Build.0 = Debug|Any CPU
		{446F5321-EF4F-47E3-9BF7-BB4230A325F0}.Release|Any CPU.ActiveCfg = Release|Any CPU
		{446F5321-EF4F-47E3-9BF7-BB4230A325F0}.Release|Any CPU.Build.0 = Release|Any CPU
		{C55CDFCF-E528-4E3D-AAD7-95713B0CFEE4}.Debug|Any CPU.ActiveCfg = Debug|Any CPU
		{C55CDFCF-E528-4E3D-AAD7-95713B0CFEE4}.Debug|Any CPU.Build.0 = Debug|Any CPU
		{C55CDFCF-E528-4E3D-AAD7-95713B0CFEE4}.Release|Any CPU.ActiveCfg = Release|Any CPU
		{C55CDFCF-E528-4E3D-AAD7-95713B0CFEE4}.Release|Any CPU.Build.0 = Release|Any CPU
		{4DE8E7CF-DAB3-4ED3-A117-30CDD31F7BA6}.Debug|Any CPU.ActiveCfg = Debug|Any CPU
		{4DE8E7CF-DAB3-4ED3-A117-30CDD31F7BA6}.Debug|Any CPU.Build.0 = Debug|Any CPU
		{4DE8E7CF-DAB3-4ED3-A117-30CDD31F7BA6}.Release|Any CPU.ActiveCfg = Release|Any CPU
		{4DE8E7CF-DAB3-4ED3-A117-30CDD31F7BA6}.Release|Any CPU.Build.0 = Release|Any CPU
	EndGlobalSection
	GlobalSection(SolutionProperties) = preSolution
		HideSolutionNode = FALSE
	EndGlobalSection
	GlobalSection(ExtensibilityGlobals) = postSolution
		SolutionGuid = {8C8EFD20-2CBF-46AA-A89A-679D192455DF}
	EndGlobalSection
EndGlobal
